
Microsoft Visual Studio Solution File, Format Version 12.00
# Visual Studio Version 17
VisualStudioVersion = 17.8.34309.116
MinimumVisualStudioVersion = 10.0.40219.1
Project("{9A19103F-16F7-4668-BE54-9A1E7A4F7556}") = "Bts", "Bts.csproj", "{B75C379E-D6C4-401C-96E6-2A0DE3530798}"
EndProject
Global
	GlobalSection(SolutionConfigurationPlatforms) = preSolution
		Debug|Any CPU = Debug|Any CPU
		Release|Any CPU = Release|Any CPU
	EndGlobalSection
	GlobalSection(ProjectConfigurationPlatforms) = postSolution
		{B75C379E-D6C4-401C-96E6-2A0DE3530798}.Debug|Any CPU.ActiveCfg = Debug|Any CPU
		{B75C379E-D6C4-401C-96E6-2A0DE3530798}.Debug|Any CPU.Build.0 = Debug|Any CPU
		{B75C379E-D6C4-401C-96E6-2A0DE3530798}.Release|Any CPU.ActiveCfg = Release|Any CPU
		{B75C379E-D6C4-401C-96E6-2A0DE3530798}.Release|Any CPU.Build.0 = Release|Any CPU
	EndGlobalSection
	GlobalSection(SolutionProperties) = preSolution
		HideSolutionNode = FALSE
	EndGlobalSection
	GlobalSection(ExtensibilityGlobals) = postSolution
		SolutionGuid = {3910EEBB-5973-497C-81B9-7643D3E3B300}
	EndGlobalSection
EndGlobal
